
Microsoft Visual Studio Solution File, Format Version 12.00
# Visual Studio 15
VisualStudioVersion = 15.0.28010.2036
MinimumVisualStudioVersion = 10.0.40219.1
Project("{8BC9CEB8-8B4A-11D0-8D11-00A0C91BC942}") = "PlaybackStills", "PlaybackStills.vcxproj", "{EB058E50-1633-48E1-B429-79DEE513893A}"
EndProject
Global
	GlobalSection(SolutionConfigurationPlatforms) = preSolution
		Debug|x64 = Debug|x64
		Release|x64 = Release|x64
	EndGlobalSection
	GlobalSection(ProjectConfigurationPlatforms) = postSolution
		{EB058E50-1633-48E1-B429-79DEE513893A}.Debug|x64.ActiveCfg = Debug|x64
		{EB058E50-1633-48E1-B429-79DEE513893A}.Debug|x64.Build.0 = Debug|x64
		{EB058E50-1633-48E1-B429-79DEE513893A}.Release|x64.ActiveCfg = Release|x64
		{EB058E50-1633-48E1-B429-79DEE513893A}.Release|x64.Build.0 = Release|x64
	EndGlobalSection
	GlobalSection(SolutionProperties) = preSolution
		HideSolutionNode = FALSE
	EndGlobalSection
	GlobalSection(ExtensibilityGlobals) = postSolution
		SolutionGuid = {B64D1F5E-462A-4300-9DF6-7393215C1FBF}
	EndGlobalSection
EndGlobal
