
Microsoft Visual Studio Solution File, Format Version 12.00
# Visual Studio 15
VisualStudioVersion = 15.0.28010.2003
MinimumVisualStudioVersion = 10.0.40219.1
Project("{8BC9CEB8-8B4A-11D0-8D11-00A0C91BC942}") = "InputLoopThrough", "InputLoopThrough.vcxproj", "{DE22D500-7C23-485D-BADF-A155A0F13420}"
EndProject
Global
	GlobalSection(SolutionConfigurationPlatforms) = preSolution
		Debug|x64 = Debug|x64
		Release|x64 = Release|x64
	EndGlobalSection
	GlobalSection(ProjectConfigurationPlatforms) = postSolution
		{DE22D500-7C23-485D-BADF-A155A0F13420}.Debug|x64.ActiveCfg = Debug|x64
		{DE22D500-7C23-485D-BADF-A155A0F13420}.Debug|x64.Build.0 = Debug|x64
		{DE22D500-7C23-485D-BADF-A155A0F13420}.Release|x64.ActiveCfg = Release|x64
		{DE22D500-7C23-485D-BADF-A155A0F13420}.Release|x64.Build.0 = Release|x64
	EndGlobalSection
	GlobalSection(SolutionProperties) = preSolution
		HideSolutionNode = FALSE
	EndGlobalSection
	GlobalSection(ExtensibilityGlobals) = postSolution
		SolutionGuid = {BB348183-B6D8-4AFF-B9DF-FF4A092A3B59}
	EndGlobalSection
EndGlobal
