
Microsoft Visual Studio Solution File, Format Version 12.00
# Visual Studio Version 17
Project("{2150E333-8FDC-42A3-9474-1A3956D46DE8}") = "CMakePredefinedTargets", "CMakePredefinedTargets", "{B140EE82-81A6-38E7-99FD-654A896BDCC6}"
EndProject
Project("{8BC9CEB8-8B4A-11D0-8D11-00A0C91BC942}") = "ALL_BUILD", "ALL_BUILD.vcxproj", "{2A02A5B6-6DBF-3F71-A2AA-84A2E9A9E87D}"
	ProjectSection(ProjectDependencies) = postProject
		{6DFF2C09-E6ED-38FB-9D3E-F74D1AFEEA2C} = {6DFF2C09-E6ED-38FB-9D3E-F74D1AFEEA2C}
		{1B441C01-1C87-3C18-A510-4E4141AEC413} = {1B441C01-1C87-3C18-A510-4E4141AEC413}
		{6834B9C3-174F-3F87-9969-7257BFFA90E5} = {6834B9C3-174F-3F87-9969-7257BFFA90E5}
		{81BD4DC5-460D-3141-B8CF-2688CA179B61} = {81BD4DC5-460D-3141-B8CF-2688CA179B61}
		{D233CD2F-D79F-34C3-B180-C882AED10B6B} = {D233CD2F-D79F-34C3-B180-C882AED10B6B}
		{7918AB27-F37B-383F-9954-3BDB5969E46B} = {7918AB27-F37B-383F-9954-3BDB5969E46B}
		{6E882610-F82C-33DE-ABE1-1056E8C675A4} = {6E882610-F82C-33DE-ABE1-1056E8C675A4}
		{A60C8571-304B-3B7B-AD9F-D888E5DC99F0} = {A60C8571-304B-3B7B-AD9F-D888E5DC99F0}
	EndProjectSection
EndProject
Project("{8BC9CEB8-8B4A-11D0-8D11-00A0C91BC942}") = "DeckLinkDX11", "DeckLinkDX11.vcxproj", "{6DFF2C09-E6ED-38FB-9D3E-F74D1AFEEA2C}"
	ProjectSection(ProjectDependencies) = postProject
		{1B441C01-1C87-3C18-A510-4E4141AEC413} = {1B441C01-1C87-3C18-A510-4E4141AEC413}
		{A60C8571-304B-3B7B-AD9F-D888E5DC99F0} = {A60C8571-304B-3B7B-AD9F-D888E5DC99F0}
	EndProjectSection
EndProject
Project("{8BC9CEB8-8B4A-11D0-8D11-00A0C91BC942}") = "ZERO_CHECK", "ZERO_CHECK.vcxproj", "{1B441C01-1C87-3C18-A510-4E4141AEC413}"
	ProjectSection(ProjectDependencies) = postProject
	EndProjectSection
EndProject
Project("{8BC9CEB8-8B4A-11D0-8D11-00A0C91BC942}") = "cef_gtest", "cef_build\tests\gtest\cef_gtest.vcxproj", "{6834B9C3-174F-3F87-9969-7257BFFA90E5}"
	ProjectSection(ProjectDependencies) = postProject
		{1B441C01-1C87-3C18-A510-4E4141AEC413} = {1B441C01-1C87-3C18-A510-4E4141AEC413}
	EndProjectSection
EndProject
Project("{8BC9CEB8-8B4A-11D0-8D11-00A0C91BC942}") = "cefclient", "cef_build\tests\cefclient\cefclient.vcxproj", "{81BD4DC5-460D-3141-B8CF-2688CA179B61}"
	ProjectSection(ProjectDependencies) = postProject
		{1B441C01-1C87-3C18-A510-4E4141AEC413} = {1B441C01-1C87-3C18-A510-4E4141AEC413}
		{A60C8571-304B-3B7B-AD9F-D888E5DC99F0} = {A60C8571-304B-3B7B-AD9F-D888E5DC99F0}
	EndProjectSection
EndProject
Project("{8BC9CEB8-8B4A-11D0-8D11-00A0C91BC942}") = "cefsimple", "cef_build\tests\cefsimple\cefsimple.vcxproj", "{D233CD2F-D79F-34C3-B180-C882AED10B6B}"
	ProjectSection(ProjectDependencies) = postProject
		{1B441C01-1C87-3C18-A510-4E4141AEC413} = {1B441C01-1C87-3C18-A510-4E4141AEC413}
		{A60C8571-304B-3B7B-AD9F-D888E5DC99F0} = {A60C8571-304B-3B7B-AD9F-D888E5DC99F0}
	EndProjectSection
EndProject
Project("{8BC9CEB8-8B4A-11D0-8D11-00A0C91BC942}") = "cefsimple_capi", "cef_build\tests\cefsimple_capi\cefsimple_capi.vcxproj", "{7918AB27-F37B-383F-9954-3BDB5969E46B}"
	ProjectSection(ProjectDependencies) = postProject
		{1B441C01-1C87-3C18-A510-4E4141AEC413} = {1B441C01-1C87-3C18-A510-4E4141AEC413}
		{A60C8571-304B-3B7B-AD9F-D888E5DC99F0} = {A60C8571-304B-3B7B-AD9F-D888E5DC99F0}
	EndProjectSection
EndProject
Project("{8BC9CEB8-8B4A-11D0-8D11-00A0C91BC942}") = "ceftests", "cef_build\tests\ceftests\ceftests.vcxproj", "{6E882610-F82C-33DE-ABE1-1056E8C675A4}"
	ProjectSection(ProjectDependencies) = postProject
		{1B441C01-1C87-3C18-A510-4E4141AEC413} = {1B441C01-1C87-3C18-A510-4E4141AEC413}
		{6834B9C3-174F-3F87-9969-7257BFFA90E5} = {6834B9C3-174F-3F87-9969-7257BFFA90E5}
		{A60C8571-304B-3B7B-AD9F-D888E5DC99F0} = {A60C8571-304B-3B7B-AD9F-D888E5DC99F0}
	EndProjectSection
EndProject
Project("{8BC9CEB8-8B4A-11D0-8D11-00A0C91BC942}") = "libcef_dll_wrapper", "cef_build\libcef_dll_wrapper\libcef_dll_wrapper.vcxproj", "{A60C8571-304B-3B7B-AD9F-D888E5DC99F0}"
	ProjectSection(ProjectDependencies) = postProject
		{1B441C01-1C87-3C18-A510-4E4141AEC413} = {1B441C01-1C87-3C18-A510-4E4141AEC413}
	EndProjectSection
EndProject
Global
	GlobalSection(SolutionConfigurationPlatforms) = preSolution
		Debug|x64 = Debug|x64
		Release|x64 = Release|x64
		MinSizeRel|x64 = MinSizeRel|x64
		RelWithDebInfo|x64 = RelWithDebInfo|x64
	EndGlobalSection
	GlobalSection(ProjectConfigurationPlatforms) = postSolution
		{2A02A5B6-6DBF-3F71-A2AA-84A2E9A9E87D}.Debug|x64.ActiveCfg = Debug|x64
		{2A02A5B6-6DBF-3F71-A2AA-84A2E9A9E87D}.Release|x64.ActiveCfg = Release|x64
		{2A02A5B6-6DBF-3F71-A2AA-84A2E9A9E87D}.MinSizeRel|x64.ActiveCfg = MinSizeRel|x64
		{2A02A5B6-6DBF-3F71-A2AA-84A2E9A9E87D}.RelWithDebInfo|x64.ActiveCfg = RelWithDebInfo|x64
		{6DFF2C09-E6ED-38FB-9D3E-F74D1AFEEA2C}.Debug|x64.ActiveCfg = Debug|x64
		{6DFF2C09-E6ED-38FB-9D3E-F74D1AFEEA2C}.Debug|x64.Build.0 = Debug|x64
		{6DFF2C09-E6ED-38FB-9D3E-F74D1AFEEA2C}.Release|x64.ActiveCfg = Release|x64
		{6DFF2C09-E6ED-38FB-9D3E-F74D1AFEEA2C}.Release|x64.Build.0 = Release|x64
		{6DFF2C09-E6ED-38FB-9D3E-F74D1AFEEA2C}.MinSizeRel|x64.ActiveCfg = MinSizeRel|x64
		{6DFF2C09-E6ED-38FB-9D3E-F74D1AFEEA2C}.MinSizeRel|x64.Build.0 = MinSizeRel|x64
		{6DFF2C09-E6ED-38FB-9D3E-F74D1AFEEA2C}.RelWithDebInfo|x64.ActiveCfg = RelWithDebInfo|x64
		{6DFF2C09-E6ED-38FB-9D3E-F74D1AFEEA2C}.RelWithDebInfo|x64.Build.0 = RelWithDebInfo|x64
		{1B441C01-1C87-3C18-A510-4E4141AEC413}.Debug|x64.ActiveCfg = Debug|x64
		{1B441C01-1C87-3C18-A510-4E4141AEC413}.Debug|x64.Build.0 = Debug|x64
		{1B441C01-1C87-3C18-A510-4E4141AEC413}.Release|x64.ActiveCfg = Release|x64
		{1B441C01-1C87-3C18-A510-4E4141AEC413}.Release|x64.Build.0 = Release|x64
		{1B441C01-1C87-3C18-A510-4E4141AEC413}.MinSizeRel|x64.ActiveCfg = MinSizeRel|x64
		{1B441C01-1C87-3C18-A510-4E4141AEC413}.MinSizeRel|x64.Build.0 = MinSizeRel|x64
		{1B441C01-1C87-3C18-A510-4E4141AEC413}.RelWithDebInfo|x64.ActiveCfg = RelWithDebInfo|x64
		{1B441C01-1C87-3C18-A510-4E4141AEC413}.RelWithDebInfo|x64.Build.0 = RelWithDebInfo|x64
		{6834B9C3-174F-3F87-9969-7257BFFA90E5}.Debug|x64.ActiveCfg = Debug|x64
		{6834B9C3-174F-3F87-9969-7257BFFA90E5}.Debug|x64.Build.0 = Debug|x64
		{6834B9C3-174F-3F87-9969-7257BFFA90E5}.Release|x64.ActiveCfg = Release|x64
		{6834B9C3-174F-3F87-9969-7257BFFA90E5}.Release|x64.Build.0 = Release|x64
		{6834B9C3-174F-3F87-9969-7257BFFA90E5}.MinSizeRel|x64.ActiveCfg = MinSizeRel|x64
		{6834B9C3-174F-3F87-9969-7257BFFA90E5}.MinSizeRel|x64.Build.0 = MinSizeRel|x64
		{6834B9C3-174F-3F87-9969-7257BFFA90E5}.RelWithDebInfo|x64.ActiveCfg = RelWithDebInfo|x64
		{6834B9C3-174F-3F87-9969-7257BFFA90E5}.RelWithDebInfo|x64.Build.0 = RelWithDebInfo|x64
		{81BD4DC5-460D-3141-B8CF-2688CA179B61}.Debug|x64.ActiveCfg = Debug|x64
		{81BD4DC5-460D-3141-B8CF-2688CA179B61}.Debug|x64.Build.0 = Debug|x64
		{81BD4DC5-460D-3141-B8CF-2688CA179B61}.Release|x64.ActiveCfg = Release|x64
		{81BD4DC5-460D-3141-B8CF-2688CA179B61}.Release|x64.Build.0 = Release|x64
		{81BD4DC5-460D-3141-B8CF-2688CA179B61}.MinSizeRel|x64.ActiveCfg = MinSizeRel|x64
		{81BD4DC5-460D-3141-B8CF-2688CA179B61}.MinSizeRel|x64.Build.0 = MinSizeRel|x64
		{81BD4DC5-460D-3141-B8CF-2688CA179B61}.RelWithDebInfo|x64.ActiveCfg = RelWithDebInfo|x64
		{81BD4DC5-460D-3141-B8CF-2688CA179B61}.RelWithDebInfo|x64.Build.0 = RelWithDebInfo|x64
		{D233CD2F-D79F-34C3-B180-C882AED10B6B}.Debug|x64.ActiveCfg = Debug|x64
		{D233CD2F-D79F-34C3-B180-C882AED10B6B}.Debug|x64.Build.0 = Debug|x64
		{D233CD2F-D79F-34C3-B180-C882AED10B6B}.Release|x64.ActiveCfg = Release|x64
		{D233CD2F-D79F-34C3-B180-C882AED10B6B}.Release|x64.Build.0 = Release|x64
		{D233CD2F-D79F-34C3-B180-C882AED10B6B}.MinSizeRel|x64.ActiveCfg = MinSizeRel|x64
		{D233CD2F-D79F-34C3-B180-C882AED10B6B}.MinSizeRel|x64.Build.0 = MinSizeRel|x64
		{D233CD2F-D79F-34C3-B180-C882AED10B6B}.RelWithDebInfo|x64.ActiveCfg = RelWithDebInfo|x64
		{D233CD2F-D79F-34C3-B180-C882AED10B6B}.RelWithDebInfo|x64.Build.0 = RelWithDebInfo|x64
		{7918AB27-F37B-383F-9954-3BDB5969E46B}.Debug|x64.ActiveCfg = Debug|x64
		{7918AB27-F37B-383F-9954-3BDB5969E46B}.Debug|x64.Build.0 = Debug|x64
		{7918AB27-F37B-383F-9954-3BDB5969E46B}.Release|x64.ActiveCfg = Release|x64
		{7918AB27-F37B-383F-9954-3BDB5969E46B}.Release|x64.Build.0 = Release|x64
		{7918AB27-F37B-383F-9954-3BDB5969E46B}.MinSizeRel|x64.ActiveCfg = MinSizeRel|x64
		{7918AB27-F37B-383F-9954-3BDB5969E46B}.MinSizeRel|x64.Build.0 = MinSizeRel|x64
		{7918AB27-F37B-383F-9954-3BDB5969E46B}.RelWithDebInfo|x64.ActiveCfg = RelWithDebInfo|x64
		{7918AB27-F37B-383F-9954-3BDB5969E46B}.RelWithDebInfo|x64.Build.0 = RelWithDebInfo|x64
		{6E882610-F82C-33DE-ABE1-1056E8C675A4}.Debug|x64.ActiveCfg = Debug|x64
		{6E882610-F82C-33DE-ABE1-1056E8C675A4}.Debug|x64.Build.0 = Debug|x64
		{6E882610-F82C-33DE-ABE1-1056E8C675A4}.Release|x64.ActiveCfg = Release|x64
		{6E882610-F82C-33DE-ABE1-1056E8C675A4}.Release|x64.Build.0 = Release|x64
		{6E882610-F82C-33DE-ABE1-1056E8C675A4}.MinSizeRel|x64.ActiveCfg = MinSizeRel|x64
		{6E882610-F82C-33DE-ABE1-1056E8C675A4}.MinSizeRel|x64.Build.0 = MinSizeRel|x64
		{6E882610-F82C-33DE-ABE1-1056E8C675A4}.RelWithDebInfo|x64.ActiveCfg = RelWithDebInfo|x64
		{6E882610-F82C-33DE-ABE1-1056E8C675A4}.RelWithDebInfo|x64.Build.0 = RelWithDebInfo|x64
		{A60C8571-304B-3B7B-AD9F-D888E5DC99F0}.Debug|x64.ActiveCfg = Debug|x64
		{A60C8571-304B-3B7B-AD9F-D888E5DC99F0}.Debug|x64.Build.0 = Debug|x64
		{A60C8571-304B-3B7B-AD9F-D888E5DC99F0}.Release|x64.ActiveCfg = Release|x64
		{A60C8571-304B-3B7B-AD9F-D888E5DC99F0}.Release|x64.Build.0 = Release|x64
		{A60C8571-304B-3B7B-AD9F-D888E5DC99F0}.MinSizeRel|x64.ActiveCfg = MinSizeRel|x64
		{A60C8571-304B-3B7B-AD9F-D888E5DC99F0}.MinSizeRel|x64.Build.0 = MinSizeRel|x64
		{A60C8571-304B-3B7B-AD9F-D888E5DC99F0}.RelWithDebInfo|x64.ActiveCfg = RelWithDebInfo|x64
		{A60C8571-304B-3B7B-AD9F-D888E5DC99F0}.RelWithDebInfo|x64.Build.0 = RelWithDebInfo|x64
	EndGlobalSection
	GlobalSection(NestedProjects) = preSolution
		{2A02A5B6-6DBF-3F71-A2AA-84A2E9A9E87D} = {B140EE82-81A6-38E7-99FD-654A896BDCC6}
		{1B441C01-1C87-3C18-A510-4E4141AEC413} = {B140EE82-81A6-38E7-99FD-654A896BDCC6}
	EndGlobalSection
	GlobalSection(ExtensibilityGlobals) = postSolution
		SolutionGuid = {DEADC938-E3D3-3F7B-966D-FD475E3AC4C7}
	EndGlobalSection
	GlobalSection(ExtensibilityAddIns) = postSolution
	EndGlobalSection
EndGlobal
