// !$*UTF8*$!
{
	archiveVersion = 1;
	classes = {
	};
	objectVersion = 46;
	objects = {

/* Begin PBXBuildFile section */
		161F7F2C20AA9F870065EF82 /* PlaybackStills.cpp in Sources */ = {isa = PBXBuildFile; fileRef = 161F7F2B20AA9F870065EF82 /* PlaybackStills.cpp */; };
		161F7F3020AA9FB30065EF82 /* ImageLoaderMac.mm in Sources */ = {isa = PBXBuildFile; fileRef = 161F7F2F20AA9FB30065EF82 /* ImageLoaderMac.mm */; };
		161F7F3220AAA2510065EF82 /* CoreGraphics.framework in Frameworks */ = {isa = PBXBuildFile; fileRef = 161F7F3120AAA2510065EF82 /* CoreGraphics.framework */; };
		161F7F3420AAA94E0065EF82 /* ImageIO.framework in Frameworks */ = {isa = PBXBuildFile; fileRef = 161F7F3320AAA94E0065EF82 /* ImageIO.framework */; };
		1649FDF6203CDE8F0014D6F2 /* platform.cpp in Sources */ = {isa = PBXBuildFile; fileRef = 168E3700203BF41D0019C79B /* platform.cpp */; };
		1649FDFA203CDEEE0014D6F2 /* DeckLinkAPIDispatch.cpp in Sources */ = {isa = PBXBuildFile; fileRef = 168E3707203BF4530019C79B /* DeckLinkAPIDispatch.cpp */; };
		16A7F09B203CCDC3007AF7CA /* CoreFoundation.framework in Frameworks */ = {isa = PBXBuildFile; fileRef = 16A7F09A203CCDC3007AF7CA /* CoreFoundation.framework */; };
/* End PBXBuildFile section */

/* Begin PBXCopyFilesBuildPhase section */
		168E36F1203BF3E40019C79B /* CopyFiles */ = {
			isa = PBXCopyFilesBuildPhase;
			buildActionMask = 2147483647;
			dstPath = /usr/share/man/man1/;
			dstSubfolderSpec = 0;
			files = (
			);
			runOnlyForDeploymentPostprocessing = 1;
		};
/* End PBXCopyFilesBuildPhase section */

/* Begin PBXFileReference section */
		161F7F2B20AA9F870065EF82 /* PlaybackStills.cpp */ = {isa = PBXFileReference; fileEncoding = 4; lastKnownFileType = sourcecode.cpp.cpp; path = PlaybackStills.cpp; sourceTree = "<group>"; };
		161F7F2E20AA9FB30065EF82 /* ImageLoader.h */ = {isa = PBXFileReference; fileEncoding = 4; lastKnownFileType = sourcecode.c.h; path = ImageLoader.h; sourceTree = "<group>"; };
		161F7F2F20AA9FB30065EF82 /* ImageLoaderMac.mm */ = {isa = PBXFileReference; fileEncoding = 4; lastKnownFileType = sourcecode.cpp.objcpp; path = ImageLoaderMac.mm; sourceTree = "<group>"; };
		161F7F3120AAA2510065EF82 /* CoreGraphics.framework */ = {isa = PBXFileReference; lastKnownFileType = wrapper.framework; name = CoreGraphics.framework; path = System/Library/Frameworks/CoreGraphics.framework; sourceTree = SDKROOT; };
		161F7F3320AAA94E0065EF82 /* ImageIO.framework */ = {isa = PBXFileReference; lastKnownFileType = wrapper.framework; name = ImageIO.framework; path = System/Library/Frameworks/ImageIO.framework; sourceTree = SDKROOT; };
		168E36F3203BF3E40019C79B /* PlaybackStills */ = {isa = PBXFileReference; explicitFileType = "compiled.mach-o.executable"; includeInIndex = 0; path = PlaybackStills; sourceTree = BUILT_PRODUCTS_DIR; };
		168E3700203BF41D0019C79B /* platform.cpp */ = {isa = PBXFileReference; fileEncoding = 4; lastKnownFileType = sourcecode.cpp.cpp; path = platform.cpp; sourceTree = "<group>"; };
		168E3701203BF41D0019C79B /* platform.h */ = {isa = PBXFileReference; fileEncoding = 4; lastKnownFileType = sourcecode.c.h; path = platform.h; sourceTree = "<group>"; };
		168E3706203BF4530019C79B /* DeckLinkAPI.h */ = {isa = PBXFileReference; fileEncoding = 4; lastKnownFileType = sourcecode.c.h; name = DeckLinkAPI.h; path = ../../../Mac/include/DeckLinkAPI.h; sourceTree = "<group>"; };
		168E3707203BF4530019C79B /* DeckLinkAPIDispatch.cpp */ = {isa = PBXFileReference; fileEncoding = 4; lastKnownFileType = sourcecode.cpp.cpp; name = DeckLinkAPIDispatch.cpp; path = ../../../Mac/include/DeckLinkAPIDispatch.cpp; sourceTree = "<group>"; };
		16A7F09A203CCDC3007AF7CA /* CoreFoundation.framework */ = {isa = PBXFileReference; lastKnownFileType = wrapper.framework; name = CoreFoundation.framework; path = /System/Library/Frameworks/CoreFoundation.framework; sourceTree = "<absolute>"; };
/* End PBXFileReference section */

/* Begin PBXFrameworksBuildPhase section */
		168E36F0203BF3E40019C79B /* Frameworks */ = {
			isa = PBXFrameworksBuildPhase;
			buildActionMask = 2147483647;
			files = (
				161F7F3420AAA94E0065EF82 /* ImageIO.framework in Frameworks */,
				161F7F3220AAA2510065EF82 /* CoreGraphics.framework in Frameworks */,
				16A7F09B203CCDC3007AF7CA /* CoreFoundation.framework in Frameworks */,
			);
			runOnlyForDeploymentPostprocessing = 0;
		};
/* End PBXFrameworksBuildPhase section */

/* Begin PBXGroup section */
		161F7F2A20AA9F6E0065EF82 /* PlaybackStills */ = {
			isa = PBXGroup;
			children = (
				161F7F2B20AA9F870065EF82 /* PlaybackStills.cpp */,
			);
			name = PlaybackStills;
			sourceTree = "<group>";
		};
		161F7F2D20AA9F900065EF82 /* ImageLoader */ = {
			isa = PBXGroup;
			children = (
				161F7F2E20AA9FB30065EF82 /* ImageLoader.h */,
				161F7F2F20AA9FB30065EF82 /* ImageLoaderMac.mm */,
			);
			name = ImageLoader;
			sourceTree = "<group>";
		};
		168E36EA203BF3E40019C79B = {
			isa = PBXGroup;
			children = (
				168E3705203BF4320019C79B /* DeckLinkAPI */,
				16A7F099203CCD77007AF7CA /* External Frameworks */,
				161F7F2D20AA9F900065EF82 /* ImageLoader */,
				168E3709203BF4820019C79B /* Platform */,
				161F7F2A20AA9F6E0065EF82 /* PlaybackStills */,
				168E36F4203BF3E40019C79B /* Products */,
			);
			sourceTree = "<group>";
		};
		168E36F4203BF3E40019C79B /* Products */ = {
			isa = PBXGroup;
			children = (
				168E36F3203BF3E40019C79B /* PlaybackStills */,
			);
			name = Products;
			sourceTree = "<group>";
		};
		168E3705203BF4320019C79B /* DeckLinkAPI */ = {
			isa = PBXGroup;
			children = (
				168E3706203BF4530019C79B /* DeckLinkAPI.h */,
				168E3707203BF4530019C79B /* DeckLinkAPIDispatch.cpp */,
			);
			name = DeckLinkAPI;
			sourceTree = "<group>";
		};
		168E3709203BF4820019C79B /* Platform */ = {
			isa = PBXGroup;
			children = (
				168E3700203BF41D0019C79B /* platform.cpp */,
				168E3701203BF41D0019C79B /* platform.h */,
			);
			name = Platform;
			sourceTree = "<group>";
		};
		16A7F099203CCD77007AF7CA /* External Frameworks */ = {
			isa = PBXGroup;
			children = (
				16A7F09A203CCDC3007AF7CA /* CoreFoundation.framework */,
				161F7F3120AAA2510065EF82 /* CoreGraphics.framework */,
				161F7F3320AAA94E0065EF82 /* ImageIO.framework */,
			);
			name = "External Frameworks";
			sourceTree = "<group>";
		};
/* End PBXGroup section */

/* Begin PBXNativeTarget section */
		168E36F2203BF3E40019C79B /* PlaybackStills */ = {
			isa = PBXNativeTarget;
			buildConfigurationList = 168E36FA203BF3E40019C79B /* Build configuration list for PBXNativeTarget "PlaybackStills" */;
			buildPhases = (
				168E36EF203BF3E40019C79B /* Sources */,
				168E36F0203BF3E40019C79B /* Frameworks */,
				168E36F1203BF3E40019C79B /* CopyFiles */,
			);
			buildRules = (
			);
			dependencies = (
			);
			name = PlaybackStills;
			productName = DeviceConfigure;
			productReference = 168E36F3203BF3E40019C79B /* PlaybackStills */;
			productType = "com.apple.product-type.tool";
		};
/* End PBXNativeTarget section */

/* Begin PBXProject section */
		168E36EB203BF3E40019C79B /* Project object */ = {
			isa = PBXProject;
			attributes = {
				LastUpgradeCheck = 0920;
				ORGANIZATIONNAME = "Blackmagic Design";
				TargetAttributes = {
					168E36F2203BF3E40019C79B = {
						CreatedOnToolsVersion = 7.2.1;
					};
				};
			};
			buildConfigurationList = 168E36EE203BF3E40019C79B /* Build configuration list for PBXProject "PlaybackStills" */;
			compatibilityVersion = "Xcode 3.2";
			developmentRegion = English;
			hasScannedForEncodings = 0;
			knownRegions = (
				English,
				en,
			);
			mainGroup = 168E36EA203BF3E40019C79B;
			productRefGroup = 168E36F4203BF3E40019C79B /* Products */;
			projectDirPath = "";
			projectRoot = "";
			targets = (
				168E36F2203BF3E40019C79B /* PlaybackStills */,
			);
		};
/* End PBXProject section */

/* Begin PBXSourcesBuildPhase section */
		168E36EF203BF3E40019C79B /* Sources */ = {
			isa = PBXSourcesBuildPhase;
			buildActionMask = 2147483647;
			files = (
				161F7F3020AA9FB30065EF82 /* ImageLoaderMac.mm in Sources */,
				161F7F2C20AA9F870065EF82 /* PlaybackStills.cpp in Sources */,
				1649FDFA203CDEEE0014D6F2 /* DeckLinkAPIDispatch.cpp in Sources */,
				1649FDF6203CDE8F0014D6F2 /* platform.cpp in Sources */,
			);
			runOnlyForDeploymentPostprocessing = 0;
		};
/* End PBXSourcesBuildPhase section */

/* Begin XCBuildConfiguration section */
		168E36F8203BF3E40019C79B /* Debug */ = {
			isa = XCBuildConfiguration;
			buildSettings = {
				ALWAYS_SEARCH_USER_PATHS = NO;
				CLANG_CXX_LANGUAGE_STANDARD = "gnu++0x";
				CLANG_CXX_LIBRARY = "libc++";
				CLANG_ENABLE_MODULES = YES;
				CLANG_ENABLE_OBJC_ARC = YES;
				CLANG_WARN_BLOCK_CAPTURE_AUTORELEASING = YES;
				CLANG_WARN_BOOL_CONVERSION = YES;
				CLANG_WARN_COMMA = YES;
				CLANG_WARN_CONSTANT_CONVERSION = YES;
				CLANG_WARN_DIRECT_OBJC_ISA_USAGE = YES_ERROR;
				CLANG_WARN_EMPTY_BODY = YES;
				CLANG_WARN_ENUM_CONVERSION = YES;
				CLANG_WARN_INFINITE_RECURSION = YES;
				CLANG_WARN_INT_CONVERSION = YES;
				CLANG_WARN_NON_LITERAL_NULL_CONVERSION = YES;
				CLANG_WARN_OBJC_LITERAL_CONVERSION = YES;
				CLANG_WARN_OBJC_ROOT_CLASS = YES_ERROR;
				CLANG_WARN_RANGE_LOOP_ANALYSIS = YES;
				CLANG_WARN_STRICT_PROTOTYPES = YES;
				CLANG_WARN_SUSPICIOUS_MOVE = YES;
				CLANG_WARN_UNREACHABLE_CODE = YES;
				CLANG_WARN__DUPLICATE_METHOD_MATCH = YES;
				COPY_PHASE_STRIP = NO;
				DEBUG_INFORMATION_FORMAT = dwarf;
				ENABLE_STRICT_OBJC_MSGSEND = YES;
				ENABLE_TESTABILITY = YES;
				GCC_C_LANGUAGE_STANDARD = gnu99;
				GCC_DYNAMIC_NO_PIC = NO;
				GCC_NO_COMMON_BLOCKS = YES;
				GCC_OPTIMIZATION_LEVEL = 0;
				GCC_PREPROCESSOR_DEFINITIONS = (
					"DEBUG=1",
					"$(inherited)",
				);
				GCC_WARN_64_TO_32_BIT_CONVERSION = YES;
				GCC_WARN_ABOUT_RETURN_TYPE = YES_ERROR;
				GCC_WARN_UNDECLARED_SELECTOR = YES;
				GCC_WARN_UNINITIALIZED_AUTOS = YES_AGGRESSIVE;
				GCC_WARN_UNUSED_FUNCTION = YES;
				GCC_WARN_UNUSED_VARIABLE = YES;
				MACOSX_DEPLOYMENT_TARGET = 10.14;
				MTL_ENABLE_DEBUG_INFO = YES;
				SDKROOT = macosx;
			};
			name = Debug;
		};
		168E36F9203BF3E40019C79B /* Release */ = {
			isa = XCBuildConfiguration;
			buildSettings = {
				ALWAYS_SEARCH_USER_PATHS = NO;
				CLANG_CXX_LANGUAGE_STANDARD = "gnu++0x";
				CLANG_CXX_LIBRARY = "libc++";
				CLANG_ENABLE_MODULES = YES;
				CLANG_ENABLE_OBJC_ARC = YES;
				CLANG_WARN_BLOCK_CAPTURE_AUTORELEASING = YES;
				CLANG_WARN_BOOL_CONVERSION = YES;
				CLANG_WARN_COMMA = YES;
				CLANG_WARN_CONSTANT_CONVERSION = YES;
				CLANG_WARN_DIRECT_OBJC_ISA_USAGE = YES_ERROR;
				CLANG_WARN_EMPTY_BODY = YES;
				CLANG_WARN_ENUM_CONVERSION = YES;
				CLANG_WARN_INFINITE_RECURSION = YES;
				CLANG_WARN_INT_CONVERSION = YES;
				CLANG_WARN_NON_LITERAL_NULL_CONVERSION = YES;
				CLANG_WARN_OBJC_LITERAL_CONVERSION = YES;
				CLANG_WARN_OBJC_ROOT_CLASS = YES_ERROR;
				CLANG_WARN_RANGE_LOOP_ANALYSIS = YES;
				CLANG_WARN_STRICT_PROTOTYPES = YES;
				CLANG_WARN_SUSPICIOUS_MOVE = YES;
				CLANG_WARN_UNREACHABLE_CODE = YES;
				CLANG_WARN__DUPLICATE_METHOD_MATCH = YES;
				COPY_PHASE_STRIP = NO;
				DEBUG_INFORMATION_FORMAT = "dwarf-with-dsym";
				ENABLE_NS_ASSERTIONS = NO;
				ENABLE_STRICT_OBJC_MSGSEND = YES;
				GCC_C_LANGUAGE_STANDARD = gnu99;
				GCC_NO_COMMON_BLOCKS = YES;
				GCC_WARN_64_TO_32_BIT_CONVERSION = YES;
				GCC_WARN_ABOUT_RETURN_TYPE = YES_ERROR;
				GCC_WARN_UNDECLARED_SELECTOR = YES;
				GCC_WARN_UNINITIALIZED_AUTOS = YES_AGGRESSIVE;
				GCC_WARN_UNUSED_FUNCTION = YES;
				GCC_WARN_UNUSED_VARIABLE = YES;
				MACOSX_DEPLOYMENT_TARGET = 10.14;
				MTL_ENABLE_DEBUG_INFO = NO;
				SDKROOT = macosx;
			};
			name = Release;
		};
		168E36FB203BF3E40019C79B /* Debug */ = {
			isa = XCBuildConfiguration;
			buildSettings = {
				MACOSX_DEPLOYMENT_TARGET = 10.14;
				OTHER_CODE_SIGN_FLAGS = "-i com.blackmagic-design.desktopvideo.sdk.playbackstills";
				PRODUCT_NAME = "$(TARGET_NAME)";
			};
			name = Debug;
		};
		168E36FC203BF3E40019C79B /* Release */ = {
			isa = XCBuildConfiguration;
			buildSettings = {
				MACOSX_DEPLOYMENT_TARGET = 10.14;
				OTHER_CODE_SIGN_FLAGS = "-i com.blackmagic-design.desktopvideo.sdk.playbackstills";
				PRODUCT_NAME = "$(TARGET_NAME)";
			};
			name = Release;
		};
/* End XCBuildConfiguration section */

/* Begin XCConfigurationList section */
		168E36EE203BF3E40019C79B /* Build configuration list for PBXProject "PlaybackStills" */ = {
			isa = XCConfigurationList;
			buildConfigurations = (
				168E36F8203BF3E40019C79B /* Debug */,
				168E36F9203BF3E40019C79B /* Release */,
			);
			defaultConfigurationIsVisible = 0;
			defaultConfigurationName = Release;
		};
		168E36FA203BF3E40019C79B /* Build configuration list for PBXNativeTarget "PlaybackStills" */ = {
			isa = XCConfigurationList;
			buildConfigurations = (
				168E36FB203BF3E40019C79B /* Debug */,
				168E36FC203BF3E40019C79B /* Release */,
			);
			defaultConfigurationIsVisible = 0;
			defaultConfigurationName = Release;
		};
/* End XCConfigurationList section */
	};
	rootObject = 168E36EB203BF3E40019C79B /* Project object */;
}
